github.com/kentaro-m/blackfriday-confluence v0.0.0-20191222131424-8d627b5b68dc h1:nH2Y/t8QUlmD0PuQa48A5sYhDRrBAIkIMa1lQYA9F9k=
github.com/kentaro-m/blackfriday-confluence v0.0.0-20191222131424-8d627b5b68dc/go.mod h1:ltvH8WVmhB4C3ryfsFqUPYeAGmfddR4U2DaZGfepJnY=
github.com/shurcooL/sanitized_anchor_name v1.0.0 h1:PdmoCO6wvbs+7yrJyMORt4/BmY5IYyJwS/kOiWx8mHo=
github.com/shurcooL/sanitized_anchor_name v1.0.0/go.mod h1:1NzhyTcUVG4SuEtjjoZeVRXNmyL/1OwPU0+IJeTBvfc=
gopkg.in/russross/blackfriday.v2 v2.0.0 h1:+FlnIV8DSQnT7NZ43hcVKcdJdzZoeCmJj4Ql8gq5keA=
gopkg.in/russross/blackfriday.v2 v2.0.0/go.mod h1:6sSBNz/GtOm/pJTuh5UmBK2ZHfmnxGbl2NZg1UliSOI=
